Don't be afraid to give up the good to go for the great. Container Orchestration Database Python IoT Success is not in what you have, but who you are. Multi-threading Code Review Optimization
Cloud Logging Python Simplicity is the ultimate sophistication. Machine Learning I find that the harder I work, the more luck I seem to have. Database Event Sourcing Security Difficult roads often lead to beautiful destinations. Event-driven Architecture Data Science
Innovation distinguishes between a leader and a follower. Kubernetes Sharding Parallel Processing Testing JavaScript Predictive Analytics Kafka
